
Microsoft Visual Studio Solution File, Format Version 12.00
# Visual Studio 2013
VisualStudioVersion = 12.0.40629.0
MinimumVisualStudioVersion = 10.0.40219.1
Project("{FAE04EC0-301F-11D3-BF4B-00C04F79EFBC}") = "Snowflake.Lite", "Snowflake.Lite\Snowflake.Lite.csproj", "{200774B4-D3D7-4A9B-885F-C169F627538B}"
EndProject
Project("{FAE04EC0-301F-11D3-BF4B-00C04F79EFBC}") = "Snowflake.Test", "Snowflake.Test\Snowflake.Test.csproj", "{9B5F325B-FD0E-4BB8-B0BD-F6E76415F95F}"
EndProject
Global
	GlobalSection(SolutionConfigurationPlatforms) = preSolution
		Debug|Any CPU = Debug|Any CPU
		Release|Any CPU = Release|Any CPU
	EndGlobalSection
	GlobalSection(ProjectConfigurationPlatforms) = postSolution
		{200774B4-D3D7-4A9B-885F-C169F627538B}.Debug|Any CPU.ActiveCfg = Debug|Any CPU
		{200774B4-D3D7-4A9B-885F-C169F627538B}.Debug|Any CPU.Build.0 = Debug|Any CPU
		{200774B4-D3D7-4A9B-885F-C169F627538B}.Release|Any CPU.ActiveCfg = Release|Any CPU
		{200774B4-D3D7-4A9B-885F-C169F627538B}.Release|Any CPU.Build.0 = Release|Any CPU
		{9B5F325B-FD0E-4BB8-B0BD-F6E76415F95F}.Debug|Any CPU.ActiveCfg = Debug|Any CPU
		{9B5F325B-FD0E-4BB8-B0BD-F6E76415F95F}.Debug|Any CPU.Build.0 = Debug|Any CPU
		{9B5F325B-FD0E-4BB8-B0BD-F6E76415F95F}.Release|Any CPU.ActiveCfg = Release|Any CPU
		{9B5F325B-FD0E-4BB8-B0BD-F6E76415F95F}.Release|Any CPU.Build.0 = Release|Any CPU
	EndGlobalSection
	GlobalSection(SolutionProperties) = preSolution
		HideSolutionNode = FALSE
	EndGlobalSection
EndGlobal
